
Microsoft Visual Studio Solution File, Format Version 12.00
# Visual Studio Version 17
VisualStudioVersion = 17.8.34511.84
MinimumVisualStudioVersion = 10.0.40219.1
Project("{FAE04EC0-301F-11D3-BF4B-00C04F79EFBC}") = "PracticaSiete", "PracticaSiete\PracticaSiete.csproj", "{D4179BFB-AEB9-4F80-9538-ECD91A6CDADC}"
EndProject
Global
	GlobalSection(SolutionConfigurationPlatforms) = preSolution
		Debug|Any CPU = Debug|Any CPU
		Release|Any CPU = Release|Any CPU
	EndGlobalSection
	GlobalSection(ProjectConfigurationPlatforms) = postSolution
		{D4179BFB-AEB9-4F80-9538-ECD91A6CDADC}.Debug|Any CPU.ActiveCfg = Debug|Any CPU
		{D4179BFB-AEB9-4F80-9538-ECD91A6CDADC}.Debug|Any CPU.Build.0 = Debug|Any CPU
		{D4179BFB-AEB9-4F80-9538-ECD91A6CDADC}.Release|Any CPU.ActiveCfg = Release|Any CPU
		{D4179BFB-AEB9-4F80-9538-ECD91A6CDADC}.Release|Any CPU.Build.0 = Release|Any CPU
	EndGlobalSection
	GlobalSection(SolutionProperties) = preSolution
		HideSolutionNode = FALSE
	EndGlobalSection
	GlobalSection(ExtensibilityGlobals) = postSolution
		SolutionGuid = {E955E8A4-0FA4-4090-B3BD-52DECF6E4504}
	EndGlobalSection
EndGlobal
