
Microsoft Visual Studio Solution File, Format Version 12.00
# Visual Studio Version 17
VisualStudioVersion = 17.8.34511.84
MinimumVisualStudioVersion = 10.0.40219.1
Project("{FAE04EC0-301F-11D3-BF4B-00C04F79EFBC}") = "PracticaDoce", "PracticaDoce\PracticaDoce.csproj", "{1D0F91C9-4630-49F7-B579-BABE40F7DE9F}"
EndProject
Project("{FAE04EC0-301F-11D3-BF4B-00C04F79EFBC}") = "PracticaDoce.Tests", "PracticaDoce.Tests\PracticaDoce.Tests.csproj", "{1A89C44D-643C-4BC3-949E-46BC08F84DD9}"
EndProject
Global
	GlobalSection(SolutionConfigurationPlatforms) = preSolution
		Debug|Any CPU = Debug|Any CPU
		Release|Any CPU = Release|Any CPU
	EndGlobalSection
	GlobalSection(ProjectConfigurationPlatforms) = postSolution
		{1D0F91C9-4630-49F7-B579-BABE40F7DE9F}.Debug|Any CPU.ActiveCfg = Debug|Any CPU
		{1D0F91C9-4630-49F7-B579-BABE40F7DE9F}.Debug|Any CPU.Build.0 = Debug|Any CPU
		{1D0F91C9-4630-49F7-B579-BABE40F7DE9F}.Release|Any CPU.ActiveCfg = Release|Any CPU
		{1D0F91C9-4630-49F7-B579-BABE40F7DE9F}.Release|Any CPU.Build.0 = Release|Any CPU
		{1A89C44D-643C-4BC3-949E-46BC08F84DD9}.Debug|Any CPU.ActiveCfg = Debug|Any CPU
		{1A89C44D-643C-4BC3-949E-46BC08F84DD9}.Debug|Any CPU.Build.0 = Debug|Any CPU
		{1A89C44D-643C-4BC3-949E-46BC08F84DD9}.Release|Any CPU.ActiveCfg = Release|Any CPU
		{1A89C44D-643C-4BC3-949E-46BC08F84DD9}.Release|Any CPU.Build.0 = Release|Any CPU
	EndGlobalSection
	GlobalSection(SolutionProperties) = preSolution
		HideSolutionNode = FALSE
	EndGlobalSection
	GlobalSection(ExtensibilityGlobals) = postSolution
		SolutionGuid = {B724ADB6-9C30-4C99-868A-2E2F2AC86F4F}
	EndGlobalSection
EndGlobal
