
Microsoft Visual Studio Solution File, Format Version 12.00
# Visual Studio Version 17
VisualStudioVersion = 17.8.34511.84
MinimumVisualStudioVersion = 10.0.40219.1
Project("{FAE04EC0-301F-11D3-BF4B-00C04F79EFBC}") = "PracticaOcho", "PracticaOcho\PracticaOcho.csproj", "{6D253400-60A3-4768-989C-5551B5F936CF}"
EndProject
Global
	GlobalSection(SolutionConfigurationPlatforms) = preSolution
		Debug|Any CPU = Debug|Any CPU
		Release|Any CPU = Release|Any CPU
	EndGlobalSection
	GlobalSection(ProjectConfigurationPlatforms) = postSolution
		{6D253400-60A3-4768-989C-5551B5F936CF}.Debug|Any CPU.ActiveCfg = Debug|Any CPU
		{6D253400-60A3-4768-989C-5551B5F936CF}.Debug|Any CPU.Build.0 = Debug|Any CPU
		{6D253400-60A3-4768-989C-5551B5F936CF}.Release|Any CPU.ActiveCfg = Release|Any CPU
		{6D253400-60A3-4768-989C-5551B5F936CF}.Release|Any CPU.Build.0 = Release|Any CPU
	EndGlobalSection
	GlobalSection(SolutionProperties) = preSolution
		HideSolutionNode = FALSE
	EndGlobalSection
	GlobalSection(ExtensibilityGlobals) = postSolution
		SolutionGuid = {2AF01640-B1C5-4EB7-8398-F0D02242532B}
	EndGlobalSection
EndGlobal
